// !$*UTF8*$!
{
	archiveVersion = 1;
	classes = {
	};
	objectVersion = 48;
	objects = {

/* Begin PBXBuildFile section */
		41E05C571F9709ED00A3662F /* AppDelegate.swift in Sources */ = {isa = PBXBuildFile; fileRef = 41E05C561F9709ED00A3662F /* AppDelegate.swift */; };
		41E05C591F9709ED00A3662F /* ViewController.swift in Sources */ = {isa = PBXBuildFile; fileRef = 41E05C581F9709ED00A3662F /* ViewController.swift */; };
		41E05C5C1F9709ED00A3662F /* Main.storyboard in Resources */ = {isa = PBXBuildFile; fileRef = 41E05C5A1F9709ED00A3662F /* Main.storyboard */; };
		41E05C5E1F9709ED00A3662F /* Assets.xcassets in Resources */ = {isa = PBXBuildFile; fileRef = 41E05C5D1F9709ED00A3662F /* Assets.xcassets */; };
		41E05C611F9709ED00A3662F /* LaunchScreen.storyboard in Resources */ = {isa = PBXBuildFile; fileRef = 41E05C5F1F9709ED00A3662F /* LaunchScreen.storyboard */; };
/* End PBXBuildFile section */

/* Begin PBXFileReference section */
		41E05C531F9709ED00A3662F /* A&V's.app */ = {isa = PBXFileReference; explicitFileType = wrapper.application; includeInIndex = 0; path = "A&V's.app"; sourceTree = BUILT_PRODUCTS_DIR; };
		41E05C561F9709ED00A3662F /* AppDelegate.swift */ = {isa = PBXFileReference; lastKnownFileType = sourcecode.swift; path = AppDelegate.swift; sourceTree = "<group>"; };
		41E05C581F9709ED00A3662F /* ViewController.swift */ = {isa = PBXFileReference; lastKnownFileType = sourcecode.swift; path = ViewController.swift; sourceTree = "<group>"; };
		41E05C5B1F9709ED00A3662F /* Base */ = {isa = PBXFileReference; lastKnownFileType = file.storyboard; name = Base; path = Base.lproj/Main.storyboard; sourceTree = "<group>"; };
		41E05C5D1F9709ED00A3662F /* Assets.xcassets */ = {isa = PBXFileReference; lastKnownFileType = folder.assetcatalog; path = Assets.xcassets; sourceTree = "<group>"; };
		41E05C601F9709ED00A3662F /* Base */ = {isa = PBXFileReference; lastKnownFileType = file.storyboard; name = Base; path = Base.lproj/LaunchScreen.storyboard; sourceTree = "<group>"; };
		41E05C621F9709ED00A3662F /* Info.plist */ = {isa = PBXFileReference; lastKnownFileType = text.plist.xml; path = Info.plist; sourceTree = "<group>"; };
/* End PBXFileReference section */

/* Begin PBXFrameworksBuildPhase section */
		41E05C501F9709ED00A3662F /* Frameworks */ = {
			isa = PBXFrameworksBuildPhase;
			buildActionMask = 2147483647;
			files = (
			);
			runOnlyForDeploymentPostprocessing = 0;
		};
/* End PBXFrameworksBuildPhase section */

/* Begin PBXGroup section */
		41E05C4A1F9709ED00A3662F = {
			isa = PBXGroup;
			children = (
				41E05C551F9709ED00A3662F /* A&V's */,
				41E05C541F9709ED00A3662F /* Products */,
			);
			sourceTree = "<group>";
		};
		41E05C541F9709ED00A3662F /* Products */ = {
			isa = PBXGroup;
			children = (
				41E05C531F9709ED00A3662F /* A&V's.app */,
			);
			name = Products;
			sourceTree = "<group>";
		};
		41E05C551F9709ED00A3662F /* A&V's */ = {
			isa = PBXGroup;
			children = (
				41E05C561F9709ED00A3662F /* AppDelegate.swift */,
				41E05C581F9709ED00A3662F /* ViewController.swift */,
				41E05C5A1F9709ED00A3662F /* Main.storyboard */,
				41E05C5D1F9709ED00A3662F /* Assets.xcassets */,
				41E05C5F1F9709ED00A3662F /* LaunchScreen.storyboard */,
				41E05C621F9709ED00A3662F /* Info.plist */,
			);
			path = "A&V's";
			sourceTree = "<group>";
		};
/* End PBXGroup section */

/* Begin PBXNativeTarget section */
		41E05C521F9709ED00A3662F /* A&V's */ = {
			isa = PBXNativeTarget;
			buildConfigurationList = 41E05C651F9709ED00A3662F /* Build configuration list for PBXNativeTarget "A&V's" */;
			buildPhases = (
				41E05C4F1F9709ED00A3662F /* Sources */,
				41E05C501F9709ED00A3662F /* Frameworks */,
				41E05C511F9709ED00A3662F /* Resources */,
			);
			buildRules = (
			);
			dependencies = (
			);
			name = "A&V's";
			productName = "A&V's";
			productReference = 41E05C531F9709ED00A3662F /* A&V's.app */;
			productType = "com.apple.product-type.application";
		};
/* End PBXNativeTarget section */

/* Begin PBXProject section */
		41E05C4B1F9709ED00A3662F /* Project object */ = {
			isa = PBXProject;
			attributes = {
				LastSwiftUpdateCheck = 0900;
				LastUpgradeCheck = 0900;
				ORGANIZATIONNAME = Andres;
				TargetAttributes = {
					41E05C521F9709ED00A3662F = {
						CreatedOnToolsVersion = 9.0;
						ProvisioningStyle = Automatic;
					};
				};
			};
			buildConfigurationList = 41E05C4E1F9709ED00A3662F /* Build configuration list for PBXProject "A&V's" */;
			compatibilityVersion = "Xcode 8.0";
			developmentRegion = en;
			hasScannedForEncodings = 0;
			knownRegions = (
				en,
				Base,
			);
			mainGroup = 41E05C4A1F9709ED00A3662F;
			productRefGroup = 41E05C541F9709ED00A3662F /* Products */;
			projectDirPath = "";
			projectRoot = "";
			targets = (
				41E05C521F9709ED00A3662F /* A&V's */,
			);
		};
/* End PBXProject section */

/* Begin PBXResourcesBuildPhase section */
		41E05C511F9709ED00A3662F /* Resources */ = {
			isa = PBXResourcesBuildPhase;
			buildActionMask = 2147483647;
			files = (
				41E05C611F9709ED00A3662F /* LaunchScreen.storyboard in Resources */,
				41E05C5E1F9709ED00A3662F /* Assets.xcassets in Resources */,
				41E05C5C1F9709ED00A3662F /* Main.storyboard in Resources */,
			);
			runOnlyForDeploymentPostprocessing = 0;
		};
/* End PBXResourcesBuildPhase section */

/* Begin PBXSourcesBuildPhase section */
		41E05C4F1F9709ED00A3662F /* Sources */ = {
			isa = PBXSourcesBuildPhase;
			buildActionMask = 2147483647;
			files = (
				41E05C591F9709ED00A3662F /* ViewController.swift in Sources */,
				41E05C571F9709ED00A3662F /* AppDelegate.swift in Sources */,
			);
			runOnlyForDeploymentPostprocessing = 0;
		};
/* End PBXSourcesBuildPhase section */

/* Begin PBXVariantGroup section */
		41E05C5A1F9709ED00A3662F /* Main.storyboard */ = {
			isa = PBXVariantGroup;
			children = (
				41E05C5B1F9709ED00A3662F /* Base */,
			);
			name = Main.storyboard;
			sourceTree = "<group>";
		};
		41E05C5F1F9709ED00A3662F /* LaunchScreen.storyboard */ = {
			isa = PBXVariantGroup;
			children = (
				41E05C601F9709ED00A3662F /* Base */,
			);
			name = LaunchScreen.storyboard;
			sourceTree = "<group>";
		};
/* End PBXVariantGroup section */

/* Begin XCBuildConfiguration section */
		41E05C631F9709ED00A3662F /* Debug */ = {
			isa = XCBuildConfiguration;
			buildSettings = {
				ALWAYS_SEARCH_USER_PATHS = NO;
				CLANG_ANALYZER_NONNULL = YES;
				CLANG_ANALYZER_NUMBER_OBJECT_CONVERSION = YES_AGGRESSIVE;
				CLANG_CXX_LANGUAGE_STANDARD = "gnu++14";
				CLANG_CXX_LIBRARY = "libc++";
				CLANG_ENABLE_MODULES = YES;
				CLANG_ENABLE_OBJC_ARC = YES;
				CLANG_WARN_BLOCK_CAPTURE_AUTORELEASING = YES;
				CLANG_WARN_BOOL_CONVERSION = YES;
				CLANG_WARN_COMMA = YES;
				CLANG_WARN_CONSTANT_CONVERSION = YES;
				CLANG_WARN_DIRECT_OBJC_ISA_USAGE = YES_ERROR;
				CLANG_WARN_DOCUMENTATION_COMMENTS = YES;
				CLANG_WARN_EMPTY_BODY = YES;
				CLANG_WARN_ENUM_CONVERSION = YES;
				CLANG_WARN_INFINITE_RECURSION = YES;
				CLANG_WARN_INT_CONVERSION = YES;
				CLANG_WARN_NON_LITERAL_NULL_CONVERSION = YES;
				CLANG_WARN_OBJC_LITERAL_CONVERSION = YES;
				CLANG_WARN_OBJC_ROOT_CLASS = YES_ERROR;
				CLANG_WARN_RANGE_LOOP_ANALYSIS = YES;
				CLANG_WARN_STRICT_PROTOTYPES = YES;
				CLANG_WARN_SUSPICIOUS_MOVE = YES;
				CLANG_WARN_UNGUARDED_AVAILABILITY = YES_AGGRESSIVE;
				CLANG_WARN_UNREACHABLE_CODE = YES;
				CLANG_WARN__DUPLICATE_METHOD_MATCH = YES;
				CODE_SIGN_IDENTITY = "iPhone Developer";
				COPY_PHASE_STRIP = NO;
				DEBUG_INFORMATION_FORMAT = dwarf;
				ENABLE_STRICT_OBJC_MSGSEND = YES;
				ENABLE_TESTABILITY = YES;
				GCC_C_LANGUAGE_STANDARD = gnu11;
				GCC_DYNAMIC_NO_PIC = NO;
				GCC_NO_COMMON_BLOCKS = YES;
				GCC_OPTIMIZATION_LEVEL = 0;
				GCC_PREPROCESSOR_DEFINITIONS = (
					"DEBUG=1",
					"$(inherited)",
				);
				GCC_WARN_64_TO_32_BIT_CONVERSION = YES;
				GCC_WARN_ABOUT_RETURN_TYPE = YES_ERROR;
				GCC_WARN_UNDECLARED_SELECTOR = YES;
				GCC_WARN_UNINITIALIZED_AUTOS = YES_AGGRESSIVE;
				GCC_WARN_UNUSED_FUNCTION = YES;
				GCC_WARN_UNUSED_VARIABLE = YES;
				IPHONEOS_DEPLOYMENT_TARGET = 11.0;
				MTL_ENABLE_DEBUG_INFO = YES;
				ONLY_ACTIVE_ARCH = YES;
				SDKROOT = iphoneos;
				SWIFT_ACTIVE_COMPILATION_CONDITIONS = DEBUG;
				SWIFT_OPTIMIZATION_LEVEL = "-Onone";
			};
			name = Debug;
		};
		41E05C641F9709ED00A3662F /* Release */ = {
			isa = XCBuildConfiguration;
			buildSettings = {
				ALWAYS_SEARCH_USER_PATHS = NO;
				CLANG_ANALYZER_NONNULL = YES;
				CLANG_ANALYZER_NUMBER_OBJECT_CONVERSION = YES_AGGRESSIVE;
				CLANG_CXX_LANGUAGE_STANDARD = "gnu++14";
				CLANG_CXX_LIBRARY = "libc++";
				CLANG_ENABLE_MODULES = YES;
				CLANG_ENABLE_OBJC_ARC = YES;
				CLANG_WARN_BLOCK_CAPTURE_AUTORELEASING = YES;
				CLANG_WARN_BOOL_CONVERSION = YES;
				CLANG_WARN_COMMA = YES;
				CLANG_WARN_CONSTANT_CONVERSION = YES;
				CLANG_WARN_DIRECT_OBJC_ISA_USAGE = YES_ERROR;
				CLANG_WARN_DOCUMENTATION_COMMENTS = YES;
				CLANG_WARN_EMPTY_BODY = YES;
				CLANG_WARN_ENUM_CONVERSION = YES;
				CLANG_WARN_INFINITE_RECURSION = YES;
				CLANG_WARN_INT_CONVERSION = YES;
				CLANG_WARN_NON_LITERAL_NULL_CONVERSION = YES;
				CLANG_WARN_OBJC_LITERAL_CONVERSION = YES;
				CLANG_WARN_OBJC_ROOT_CLASS = YES_ERROR;
				CLANG_WARN_RANGE_LOOP_ANALYSIS = YES;
				CLANG_WARN_STRICT_PROTOTYPES = YES;
				CLANG_WARN_SUSPICIOUS_MOVE = YES;
				CLANG_WARN_UNGUARDED_AVAILABILITY = YES_AGGRESSIVE;
				CLANG_WARN_UNREACHABLE_CODE = YES;
				CLANG_WARN__DUPLICATE_METHOD_MATCH = YES;
				CODE_SIGN_IDENTITY = "iPhone Developer";
				COPY_PHASE_STRIP = NO;
				DEBUG_INFORMATION_FORMAT = "dwarf-with-dsym";
				ENABLE_NS_ASSERTIONS = NO;
				ENABLE_STRICT_OBJC_MSGSEND = YES;
				GCC_C_LANGUAGE_STANDARD = gnu11;
				GCC_NO_COMMON_BLOCKS = YES;
				GCC_WARN_64_TO_32_BIT_CONVERSION = YES;
				GCC_WARN_ABOUT_RETURN_TYPE = YES_ERROR;
				GCC_WARN_UNDECLARED_SELECTOR = YES;
				GCC_WARN_UNINITIALIZED_AUTOS = YES_AGGRESSIVE;
				GCC_WARN_UNUSED_FUNCTION = YES;
				GCC_WARN_UNUSED_VARIABLE = YES;
				IPHONEOS_DEPLOYMENT_TARGET = 11.0;
				MTL_ENABLE_DEBUG_INFO = NO;
				SDKROOT = iphoneos;
				SWIFT_OPTIMIZATION_LEVEL = "-Owholemodule";
				VALIDATE_PRODUCT = YES;
			};
			name = Release;
		};
		41E05C661F9709ED00A3662F /* Debug */ = {
			isa = XCBuildConfiguration;
			buildSettings = {
				ASSETCATALOG_COMPILER_APPICON_NAME = AppIcon;
				CODE_SIGN_STYLE = Automatic;
				DEVELOPMENT_TEAM = SSQHMCBKSU;
				INFOPLIST_FILE = "A&V's/Info.plist";
				LD_RUNPATH_SEARCH_PATHS = "$(inherited) @executable_path/Frameworks";
				PRODUCT_BUNDLE_IDENTIFIER = "com.vlasquez.A-V-s";
				PRODUCT_NAME = "$(TARGET_NAME)";
				SWIFT_VERSION = 4.0;
				TARGETED_DEVICE_FAMILY = "1,2";
			};
			name = Debug;
		};
		41E05C671F9709ED00A3662F /* Release */ = {
			isa = XCBuildConfiguration;
			buildSettings = {
				ASSETCATALOG_COMPILER_APPICON_NAME = AppIcon;
				CODE_SIGN_STYLE = Automatic;
				DEVELOPMENT_TEAM = SSQHMCBKSU;
				INFOPLIST_FILE = "A&V's/Info.plist";
				LD_RUNPATH_SEARCH_PATHS = "$(inherited) @executable_path/Frameworks";
				PRODUCT_BUNDLE_IDENTIFIER = "com.vlasquez.A-V-s";
				PRODUCT_NAME = "$(TARGET_NAME)";
				SWIFT_VERSION = 4.0;
				TARGETED_DEVICE_FAMILY = "1,2";
			};
			name = Release;
		};
/* End XCBuildConfiguration section */

/* Begin XCConfigurationList section */
		41E05C4E1F9709ED00A3662F /* Build configuration list for PBXProject "A&V's" */ = {
			isa = XCConfigurationList;
			buildConfigurations = (
				41E05C631F9709ED00A3662F /* Debug */,
				41E05C641F9709ED00A3662F /* Release */,
			);
			defaultConfigurationIsVisible = 0;
			defaultConfigurationName = Release;
		};
		41E05C651F9709ED00A3662F /* Build configuration list for PBXNativeTarget "A&V's" */ = {
			isa = XCConfigurationList;
			buildConfigurations = (
				41E05C661F9709ED00A3662F /* Debug */,
				41E05C671F9709ED00A3662F /* Release */,
			);
			defaultConfigurationIsVisible = 0;
			defaultConfigurationName = Release;
		};
/* End XCConfigurationList section */
	};
	rootObject = 41E05C4B1F9709ED00A3662F /* Project object */;
}
